
Microsoft Visual Studio Solution File, Format Version 12.00
# Visual Studio 2012
Project("{D954291E-2A0B-460D-934E-DC6B0785DB48}") = "GameStoreMobileApp", "GameStoreMobileApp\GameStoreMobileApp.shproj", "{47B47693-46A4-4D48-9823-9671276B3C04}"
EndProject
Project("{FAE04EC0-301F-11D3-BF4B-00C04F79EFBC}") = "GameStoreMobileApp.iOS", "iOS\GameStoreMobileApp.iOS.csproj", "{0E346688-F529-4E57-BE92-0628CE9B187E}"
EndProject
Project("{FAE04EC0-301F-11D3-BF4B-00C04F79EFBC}") = "GameStoreMobileApp.Droid", "Droid\GameStoreMobileApp.Droid.csproj", "{C2EA40F3-E197-4FED-B144-3DAD27F97BFA}"
EndProject
Global
	GlobalSection(SolutionConfigurationPlatforms) = preSolution
		Debug|iPhoneSimulator = Debug|iPhoneSimulator
		Release|iPhoneSimulator = Release|iPhoneSimulator
		Debug|iPhone = Debug|iPhone
		Release|iPhone = Release|iPhone
		Ad-Hoc|iPhone = Ad-Hoc|iPhone
		AppStore|iPhone = AppStore|iPhone
		Debug|Any CPU = Debug|Any CPU
		Release|Any CPU = Release|Any CPU
	EndGlobalSection
	GlobalSection(ProjectConfigurationPlatforms) = postSolution
		{0E346688-F529-4E57-BE92-0628CE9B187E}.Ad-Hoc|iPhone.ActiveCfg = Ad-Hoc|iPhone
		{0E346688-F529-4E57-BE92-0628CE9B187E}.Ad-Hoc|iPhone.Build.0 = Ad-Hoc|iPhone
		{0E346688-F529-4E57-BE92-0628CE9B187E}.AppStore|iPhone.ActiveCfg = AppStore|iPhone
		{0E346688-F529-4E57-BE92-0628CE9B187E}.AppStore|iPhone.Build.0 = AppStore|iPhone
		{0E346688-F529-4E57-BE92-0628CE9B187E}.Debug|Any CPU.ActiveCfg = Debug|iPhoneSimulator
		{0E346688-F529-4E57-BE92-0628CE9B187E}.Debug|Any CPU.Build.0 = Debug|iPhoneSimulator
		{0E346688-F529-4E57-BE92-0628CE9B187E}.Debug|iPhone.ActiveCfg = Debug|iPhone
		{0E346688-F529-4E57-BE92-0628CE9B187E}.Debug|iPhone.Build.0 = Debug|iPhone
		{0E346688-F529-4E57-BE92-0628CE9B187E}.Debug|iPhoneSimulator.ActiveCfg = Debug|iPhoneSimulator
		{0E346688-F529-4E57-BE92-0628CE9B187E}.Debug|iPhoneSimulator.Build.0 = Debug|iPhoneSimulator
		{0E346688-F529-4E57-BE92-0628CE9B187E}.Release|Any CPU.ActiveCfg = Release|iPhoneSimulator
		{0E346688-F529-4E57-BE92-0628CE9B187E}.Release|Any CPU.Build.0 = Release|iPhoneSimulator
		{0E346688-F529-4E57-BE92-0628CE9B187E}.Release|iPhone.ActiveCfg = Release|iPhone
		{0E346688-F529-4E57-BE92-0628CE9B187E}.Release|iPhone.Build.0 = Release|iPhone
		{0E346688-F529-4E57-BE92-0628CE9B187E}.Release|iPhoneSimulator.ActiveCfg = Release|iPhoneSimulator
		{0E346688-F529-4E57-BE92-0628CE9B187E}.Release|iPhoneSimulator.Build.0 = Release|iPhoneSimulator
		{C2EA40F3-E197-4FED-B144-3DAD27F97BFA}.Ad-Hoc|iPhone.ActiveCfg = Release|Any CPU
		{C2EA40F3-E197-4FED-B144-3DAD27F97BFA}.Ad-Hoc|iPhone.Build.0 = Release|Any CPU
		{C2EA40F3-E197-4FED-B144-3DAD27F97BFA}.AppStore|iPhone.ActiveCfg = Release|Any CPU
		{C2EA40F3-E197-4FED-B144-3DAD27F97BFA}.AppStore|iPhone.Build.0 = Release|Any CPU
		{C2EA40F3-E197-4FED-B144-3DAD27F97BFA}.Debug|Any CPU.ActiveCfg = Debug|Any CPU
		{C2EA40F3-E197-4FED-B144-3DAD27F97BFA}.Debug|Any CPU.Build.0 = Debug|Any CPU
		{C2EA40F3-E197-4FED-B144-3DAD27F97BFA}.Debug|iPhone.ActiveCfg = Debug|Any CPU
		{C2EA40F3-E197-4FED-B144-3DAD27F97BFA}.Debug|iPhone.Build.0 = Debug|Any CPU
		{C2EA40F3-E197-4FED-B144-3DAD27F97BFA}.Debug|iPhoneSimulator.ActiveCfg = Debug|Any CPU
		{C2EA40F3-E197-4FED-B144-3DAD27F97BFA}.Debug|iPhoneSimulator.Build.0 = Debug|Any CPU
		{C2EA40F3-E197-4FED-B144-3DAD27F97BFA}.Release|Any CPU.ActiveCfg = Release|Any CPU
		{C2EA40F3-E197-4FED-B144-3DAD27F97BFA}.Release|Any CPU.Build.0 = Release|Any CPU
		{C2EA40F3-E197-4FED-B144-3DAD27F97BFA}.Release|iPhone.ActiveCfg = Release|Any CPU
		{C2EA40F3-E197-4FED-B144-3DAD27F97BFA}.Release|iPhone.Build.0 = Release|Any CPU
		{C2EA40F3-E197-4FED-B144-3DAD27F97BFA}.Release|iPhoneSimulator.ActiveCfg = Release|Any CPU
		{C2EA40F3-E197-4FED-B144-3DAD27F97BFA}.Release|iPhoneSimulator.Build.0 = Release|Any CPU
	EndGlobalSection
EndGlobal
